// !$*UTF8*$!
{
	archiveVersion = 1;
	classes = {
	};
	objectVersion = 56;
	objects = {

/* Begin PBXBuildFile section */
		521D5F0B29FA4F610072EE6C /* SettingsScene.swift in Sources */ = {isa = PBXBuildFile; fileRef = 521D5F0A29FA4F610072EE6C /* SettingsScene.swift */; };
		523F83DE2A20DEE80099F01C /* Color+Utils.swift in Sources */ = {isa = PBXBuildFile; fileRef = 523F83DD2A20DEE80099F01C /* Color+Utils.swift */; };
		523F83E22A20ED4C0099F01C /* Settings.swift in Sources */ = {isa = PBXBuildFile; fileRef = 523F83E12A20ED4C0099F01C /* Settings.swift */; };
		523F83E42A20EEFC0099F01C /* SkinCarousel.swift in Sources */ = {isa = PBXBuildFile; fileRef = 523F83E32A20EEFC0099F01C /* SkinCarousel.swift */; };
		523F83E62A2462790099F01C /* MainScene.ViewModel.swift in Sources */ = {isa = PBXBuildFile; fileRef = 523F83E52A2462790099F01C /* MainScene.ViewModel.swift */; };
		523F83E82A2468170099F01C /* NavigationConfigurator.swift in Sources */ = {isa = PBXBuildFile; fileRef = 523F83E72A2468170099F01C /* NavigationConfigurator.swift */; };
		52935BAF29F12E0B00EE98B0 /* DiceTraySKScene.swift in Sources */ = {isa = PBXBuildFile; fileRef = 52935BAE29F12E0B00EE98B0 /* DiceTraySKScene.swift */; };
		52935BB129F263EA00EE98B0 /* VibrationManager.swift in Sources */ = {isa = PBXBuildFile; fileRef = 52935BB029F263EA00EE98B0 /* VibrationManager.swift */; };
		52935BB729F3D54000EE98B0 /* DieType.swift in Sources */ = {isa = PBXBuildFile; fileRef = 52935BB629F3D54000EE98B0 /* DieType.swift */; };
		52E8464929ED2936005A687F /* MainApp.swift in Sources */ = {isa = PBXBuildFile; fileRef = 52E8464829ED2936005A687F /* MainApp.swift */; };
		52E8464B29ED2936005A687F /* MainScene.swift in Sources */ = {isa = PBXBuildFile; fileRef = 52E8464A29ED2936005A687F /* MainScene.swift */; };
		52E8464D29ED2936005A687F /* Assets.xcassets in Resources */ = {isa = PBXBuildFile; fileRef = 52E8464C29ED2936005A687F /* Assets.xcassets */; };
		52E8465029ED2936005A687F /* Preview Assets.xcassets in Resources */ = {isa = PBXBuildFile; fileRef = 52E8464F29ED2936005A687F /* Preview Assets.xcassets */; };
		52E8465729EE7B7F005A687F /* Utils.swift in Sources */ = {isa = PBXBuildFile; fileRef = 52E8465629EE7B7F005A687F /* Utils.swift */; };
		52E8465929EF870A005A687F /* DieShapeNode.swift in Sources */ = {isa = PBXBuildFile; fileRef = 52E8465829EF870A005A687F /* DieShapeNode.swift */; };
		52F17F1C29F7BBE500491606 /* Skin.swift in Sources */ = {isa = PBXBuildFile; fileRef = 52F17F1B29F7BBE500491606 /* Skin.swift */; };
/* End PBXBuildFile section */

/* Begin PBXFileReference section */
		521D5F0A29FA4F610072EE6C /* SettingsScene.swift */ = {isa = PBXFileReference; lastKnownFileType = sourcecode.swift; path = SettingsScene.swift; sourceTree = "<group>"; };
		523F83DD2A20DEE80099F01C /* Color+Utils.swift */ = {isa = PBXFileReference; lastKnownFileType = sourcecode.swift; path = "Color+Utils.swift"; sourceTree = "<group>"; };
		523F83E12A20ED4C0099F01C /* Settings.swift */ = {isa = PBXFileReference; lastKnownFileType = sourcecode.swift; path = Settings.swift; sourceTree = "<group>"; };
		523F83E32A20EEFC0099F01C /* SkinCarousel.swift */ = {isa = PBXFileReference; lastKnownFileType = sourcecode.swift; path = SkinCarousel.swift; sourceTree = "<group>"; };
		523F83E52A2462790099F01C /* MainScene.ViewModel.swift */ = {isa = PBXFileReference; lastKnownFileType = sourcecode.swift; path = MainScene.ViewModel.swift; sourceTree = "<group>"; };
		523F83E72A2468170099F01C /* NavigationConfigurator.swift */ = {isa = PBXFileReference; lastKnownFileType = sourcecode.swift; path = NavigationConfigurator.swift; sourceTree = "<group>"; };
		52935BAE29F12E0B00EE98B0 /* DiceTraySKScene.swift */ = {isa = PBXFileReference; lastKnownFileType = sourcecode.swift; path = DiceTraySKScene.swift; sourceTree = "<group>"; };
		52935BB029F263EA00EE98B0 /* VibrationManager.swift */ = {isa = PBXFileReference; lastKnownFileType = sourcecode.swift; path = VibrationManager.swift; sourceTree = "<group>"; };
		52935BB629F3D54000EE98B0 /* DieType.swift */ = {isa = PBXFileReference; lastKnownFileType = sourcecode.swift; path = DieType.swift; sourceTree = "<group>"; };
		52E8464529ED2936005A687F /* Vanilla Dice.app */ = {isa = PBXFileReference; explicitFileType = wrapper.application; includeInIndex = 0; path = "Vanilla Dice.app"; sourceTree = BUILT_PRODUCTS_DIR; };
		52E8464829ED2936005A687F /* MainApp.swift */ = {isa = PBXFileReference; lastKnownFileType = sourcecode.swift; path = MainApp.swift; sourceTree = "<group>"; };
		52E8464A29ED2936005A687F /* MainScene.swift */ = {isa = PBXFileReference; lastKnownFileType = sourcecode.swift; path = MainScene.swift; sourceTree = "<group>"; };
		52E8464C29ED2936005A687F /* Assets.xcassets */ = {isa = PBXFileReference; lastKnownFileType = folder.assetcatalog; path = Assets.xcassets; sourceTree = "<group>"; };
		52E8464F29ED2936005A687F /* Preview Assets.xcassets */ = {isa = PBXFileReference; lastKnownFileType = folder.assetcatalog; path = "Preview Assets.xcassets"; sourceTree = "<group>"; };
		52E8465629EE7B7F005A687F /* Utils.swift */ = {isa = PBXFileReference; lastKnownFileType = sourcecode.swift; path = Utils.swift; sourceTree = "<group>"; };
		52E8465829EF870A005A687F /* DieShapeNode.swift */ = {isa = PBXFileReference; lastKnownFileType = sourcecode.swift; path = DieShapeNode.swift; sourceTree = "<group>"; };
		52F17F1B29F7BBE500491606 /* Skin.swift */ = {isa = PBXFileReference; lastKnownFileType = sourcecode.swift; path = Skin.swift; sourceTree = "<group>"; };
/* End PBXFileReference section */

/* Begin PBXFrameworksBuildPhase section */
		52E8464229ED2935005A687F /* Frameworks */ = {
			isa = PBXFrameworksBuildPhase;
			buildActionMask = 2147483647;
			files = (
			);
			runOnlyForDeploymentPostprocessing = 0;
		};
/* End PBXFrameworksBuildPhase section */

/* Begin PBXGroup section */
		523F83DF2A20EC5D0099F01C /* UI */ = {
			isa = PBXGroup;
			children = (
				52935BAE29F12E0B00EE98B0 /* DiceTraySKScene.swift */,
				52E8465829EF870A005A687F /* DieShapeNode.swift */,
				52E8464A29ED2936005A687F /* MainScene.swift */,
				521D5F0A29FA4F610072EE6C /* SettingsScene.swift */,
			);
			path = UI;
			sourceTree = "<group>";
		};
		52E8463C29ED2935005A687F = {
			isa = PBXGroup;
			children = (
				52E8464729ED2936005A687F /* Vanilla Dice */,
				52E8464629ED2936005A687F /* Products */,
			);
			sourceTree = "<group>";
		};
		52E8464629ED2936005A687F /* Products */ = {
			isa = PBXGroup;
			children = (
				52E8464529ED2936005A687F /* Vanilla Dice.app */,
			);
			name = Products;
			sourceTree = "<group>";
		};
		52E8464729ED2936005A687F /* Vanilla Dice */ = {
			isa = PBXGroup;
			children = (
				523F83DD2A20DEE80099F01C /* Color+Utils.swift */,
				52935BB629F3D54000EE98B0 /* DieType.swift */,
				52E8464829ED2936005A687F /* MainApp.swift */,
				523F83E52A2462790099F01C /* MainScene.ViewModel.swift */,
				523F83E72A2468170099F01C /* NavigationConfigurator.swift */,
				523F83E12A20ED4C0099F01C /* Settings.swift */,
				52F17F1B29F7BBE500491606 /* Skin.swift */,
				523F83E32A20EEFC0099F01C /* SkinCarousel.swift */,
				52E8465629EE7B7F005A687F /* Utils.swift */,
				52935BB029F263EA00EE98B0 /* VibrationManager.swift */,
				52E8464C29ED2936005A687F /* Assets.xcassets */,
				52E8464E29ED2936005A687F /* Preview Content */,
				523F83DF2A20EC5D0099F01C /* UI */,
			);
			path = "Vanilla Dice";
			sourceTree = "<group>";
		};
		52E8464E29ED2936005A687F /* Preview Content */ = {
			isa = PBXGroup;
			children = (
				52E8464F29ED2936005A687F /* Preview Assets.xcassets */,
			);
			path = "Preview Content";
			sourceTree = "<group>";
		};
/* End PBXGroup section */

/* Begin PBXNativeTarget section */
		52E8464429ED2935005A687F /* Vanilla Dice */ = {
			isa = PBXNativeTarget;
			buildConfigurationList = 52E8465329ED2936005A687F /* Build configuration list for PBXNativeTarget "Vanilla Dice" */;
			buildPhases = (
				52E8464129ED2935005A687F /* Sources */,
				52E8464229ED2935005A687F /* Frameworks */,
				52E8464329ED2935005A687F /* Resources */,
			);
			buildRules = (
			);
			dependencies = (
			);
			name = "Vanilla Dice";
			productName = "Vanilla Dice";
			productReference = 52E8464529ED2936005A687F /* Vanilla Dice.app */;
			productType = "com.apple.product-type.application";
		};
/* End PBXNativeTarget section */

/* Begin PBXProject section */
		52E8463D29ED2935005A687F /* Project object */ = {
			isa = PBXProject;
			attributes = {
				BuildIndependentTargetsInParallel = 1;
				LastSwiftUpdateCheck = 1420;
				LastUpgradeCheck = 1420;
				TargetAttributes = {
					52E8464429ED2935005A687F = {
						CreatedOnToolsVersion = 14.2;
					};
				};
			};
			buildConfigurationList = 52E8464029ED2935005A687F /* Build configuration list for PBXProject "Vanilla Dice" */;
			compatibilityVersion = "Xcode 14.0";
			developmentRegion = en;
			hasScannedForEncodings = 0;
			knownRegions = (
				en,
				Base,
			);
			mainGroup = 52E8463C29ED2935005A687F;
			productRefGroup = 52E8464629ED2936005A687F /* Products */;
			projectDirPath = "";
			projectRoot = "";
			targets = (
				52E8464429ED2935005A687F /* Vanilla Dice */,
			);
		};
/* End PBXProject section */

/* Begin PBXResourcesBuildPhase section */
		52E8464329ED2935005A687F /* Resources */ = {
			isa = PBXResourcesBuildPhase;
			buildActionMask = 2147483647;
			files = (
				52E8465029ED2936005A687F /* Preview Assets.xcassets in Resources */,
				52E8464D29ED2936005A687F /* Assets.xcassets in Resources */,
			);
			runOnlyForDeploymentPostprocessing = 0;
		};
/* End PBXResourcesBuildPhase section */

/* Begin PBXSourcesBuildPhase section */
		52E8464129ED2935005A687F /* Sources */ = {
			isa = PBXSourcesBuildPhase;
			buildActionMask = 2147483647;
			files = (
				523F83E62A2462790099F01C /* MainScene.ViewModel.swift in Sources */,
				52E8464B29ED2936005A687F /* MainScene.swift in Sources */,
				523F83DE2A20DEE80099F01C /* Color+Utils.swift in Sources */,
				52935BAF29F12E0B00EE98B0 /* DiceTraySKScene.swift in Sources */,
				52E8464929ED2936005A687F /* MainApp.swift in Sources */,
				52E8465929EF870A005A687F /* DieShapeNode.swift in Sources */,
				52935BB729F3D54000EE98B0 /* DieType.swift in Sources */,
				52E8465729EE7B7F005A687F /* Utils.swift in Sources */,
				521D5F0B29FA4F610072EE6C /* SettingsScene.swift in Sources */,
				523F83E42A20EEFC0099F01C /* SkinCarousel.swift in Sources */,
				52F17F1C29F7BBE500491606 /* Skin.swift in Sources */,
				523F83E22A20ED4C0099F01C /* Settings.swift in Sources */,
				523F83E82A2468170099F01C /* NavigationConfigurator.swift in Sources */,
				52935BB129F263EA00EE98B0 /* VibrationManager.swift in Sources */,
			);
			runOnlyForDeploymentPostprocessing = 0;
		};
/* End PBXSourcesBuildPhase section */

/* Begin XCBuildConfiguration section */
		52E8465129ED2936005A687F /* Debug */ = {
			isa = XCBuildConfiguration;
			buildSettings = {
				ALWAYS_SEARCH_USER_PATHS = NO;
				CLANG_ANALYZER_NONNULL = YES;
				CLANG_ANALYZER_NUMBER_OBJECT_CONVERSION = YES_AGGRESSIVE;
				CLANG_CXX_LANGUAGE_STANDARD = "gnu++20";
				CLANG_ENABLE_MODULES = YES;
				CLANG_ENABLE_OBJC_ARC = YES;
				CLANG_ENABLE_OBJC_WEAK = YES;
				CLANG_WARN_BLOCK_CAPTURE_AUTORELEASING = YES;
				CLANG_WARN_BOOL_CONVERSION = YES;
				CLANG_WARN_COMMA = YES;
				CLANG_WARN_CONSTANT_CONVERSION = YES;
				CLANG_WARN_DEPRECATED_OBJC_IMPLEMENTATIONS = YES;
				CLANG_WARN_DIRECT_OBJC_ISA_USAGE = YES_ERROR;
				CLANG_WARN_DOCUMENTATION_COMMENTS = YES;
				CLANG_WARN_EMPTY_BODY = YES;
				CLANG_WARN_ENUM_CONVERSION = YES;
				CLANG_WARN_INFINITE_RECURSION = YES;
				CLANG_WARN_INT_CONVERSION = YES;
				CLANG_WARN_NON_LITERAL_NULL_CONVERSION = YES;
				CLANG_WARN_OBJC_IMPLICIT_RETAIN_SELF = YES;
				CLANG_WARN_OBJC_LITERAL_CONVERSION = YES;
				CLANG_WARN_OBJC_ROOT_CLASS = YES_ERROR;
				CLANG_WARN_QUOTED_INCLUDE_IN_FRAMEWORK_HEADER = YES;
				CLANG_WARN_RANGE_LOOP_ANALYSIS = YES;
				CLANG_WARN_STRICT_PROTOTYPES = YES;
				CLANG_WARN_SUSPICIOUS_MOVE = YES;
				CLANG_WARN_UNGUARDED_AVAILABILITY = YES_AGGRESSIVE;
				CLANG_WARN_UNREACHABLE_CODE = YES;
				CLANG_WARN__DUPLICATE_METHOD_MATCH = YES;
				COPY_PHASE_STRIP = NO;
				DEBUG_INFORMATION_FORMAT = dwarf;
				ENABLE_STRICT_OBJC_MSGSEND = YES;
				ENABLE_TESTABILITY = YES;
				GCC_C_LANGUAGE_STANDARD = gnu11;
				GCC_DYNAMIC_NO_PIC = NO;
				GCC_NO_COMMON_BLOCKS = YES;
				GCC_OPTIMIZATION_LEVEL = 0;
				GCC_PREPROCESSOR_DEFINITIONS = (
					"DEBUG=1",
					"$(inherited)",
				);
				GCC_WARN_64_TO_32_BIT_CONVERSION = YES;
				GCC_WARN_ABOUT_RETURN_TYPE = YES_ERROR;
				GCC_WARN_UNDECLARED_SELECTOR = YES;
				GCC_WARN_UNINITIALIZED_AUTOS = YES_AGGRESSIVE;
				GCC_WARN_UNUSED_FUNCTION = YES;
				GCC_WARN_UNUSED_VARIABLE = YES;
				IPHONEOS_DEPLOYMENT_TARGET = 16.2;
				MTL_ENABLE_DEBUG_INFO = INCLUDE_SOURCE;
				MTL_FAST_MATH = YES;
				ONLY_ACTIVE_ARCH = YES;
				SDKROOT = iphoneos;
				SWIFT_ACTIVE_COMPILATION_CONDITIONS = DEBUG;
				SWIFT_OPTIMIZATION_LEVEL = "-Onone";
			};
			name = Debug;
		};
		52E8465229ED2936005A687F /* Release */ = {
			isa = XCBuildConfiguration;
			buildSettings = {
				ALWAYS_SEARCH_USER_PATHS = NO;
				CLANG_ANALYZER_NONNULL = YES;
				CLANG_ANALYZER_NUMBER_OBJECT_CONVERSION = YES_AGGRESSIVE;
				CLANG_CXX_LANGUAGE_STANDARD = "gnu++20";
				CLANG_ENABLE_MODULES = YES;
				CLANG_ENABLE_OBJC_ARC = YES;
				CLANG_ENABLE_OBJC_WEAK = YES;
				CLANG_WARN_BLOCK_CAPTURE_AUTORELEASING = YES;
				CLANG_WARN_BOOL_CONVERSION = YES;
				CLANG_WARN_COMMA = YES;
				CLANG_WARN_CONSTANT_CONVERSION = YES;
				CLANG_WARN_DEPRECATED_OBJC_IMPLEMENTATIONS = YES;
				CLANG_WARN_DIRECT_OBJC_ISA_USAGE = YES_ERROR;
				CLANG_WARN_DOCUMENTATION_COMMENTS = YES;
				CLANG_WARN_EMPTY_BODY = YES;
				CLANG_WARN_ENUM_CONVERSION = YES;
				CLANG_WARN_INFINITE_RECURSION = YES;
				CLANG_WARN_INT_CONVERSION = YES;
				CLANG_WARN_NON_LITERAL_NULL_CONVERSION = YES;
				CLANG_WARN_OBJC_IMPLICIT_RETAIN_SELF = YES;
				CLANG_WARN_OBJC_LITERAL_CONVERSION = YES;
				CLANG_WARN_OBJC_ROOT_CLASS = YES_ERROR;
				CLANG_WARN_QUOTED_INCLUDE_IN_FRAMEWORK_HEADER = YES;
				CLANG_WARN_RANGE_LOOP_ANALYSIS = YES;
				CLANG_WARN_STRICT_PROTOTYPES = YES;
				CLANG_WARN_SUSPICIOUS_MOVE = YES;
				CLANG_WARN_UNGUARDED_AVAILABILITY = YES_AGGRESSIVE;
				CLANG_WARN_UNREACHABLE_CODE = YES;
				CLANG_WARN__DUPLICATE_METHOD_MATCH = YES;
				COPY_PHASE_STRIP = NO;
				DEBUG_INFORMATION_FORMAT = "dwarf-with-dsym";
				ENABLE_NS_ASSERTIONS = NO;
				ENABLE_STRICT_OBJC_MSGSEND = YES;
				GCC_C_LANGUAGE_STANDARD = gnu11;
				GCC_NO_COMMON_BLOCKS = YES;
				GCC_WARN_64_TO_32_BIT_CONVERSION = YES;
				GCC_WARN_ABOUT_RETURN_TYPE = YES_ERROR;
				GCC_WARN_UNDECLARED_SELECTOR = YES;
				GCC_WARN_UNINITIALIZED_AUTOS = YES_AGGRESSIVE;
				GCC_WARN_UNUSED_FUNCTION = YES;
				GCC_WARN_UNUSED_VARIABLE = YES;
				IPHONEOS_DEPLOYMENT_TARGET = 16.2;
				MTL_ENABLE_DEBUG_INFO = NO;
				MTL_FAST_MATH = YES;
				SDKROOT = iphoneos;
				SWIFT_COMPILATION_MODE = wholemodule;
				SWIFT_OPTIMIZATION_LEVEL = "-O";
				VALIDATE_PRODUCT = YES;
			};
			name = Release;
		};
		52E8465429ED2936005A687F /* Debug */ = {
			isa = XCBuildConfiguration;
			buildSettings = {
				ASSETCATALOG_COMPILER_APPICON_NAME = AppIcon;
				ASSETCATALOG_COMPILER_GLOBAL_ACCENT_COLOR_NAME = AccentColor;
				CODE_SIGN_STYLE = Automatic;
				CURRENT_PROJECT_VERSION = 1;
				DEVELOPMENT_ASSET_PATHS = "\"Vanilla Dice/Preview Content\"";
				DEVELOPMENT_TEAM = BMSA228Z4G;
				ENABLE_PREVIEWS = YES;
				GENERATE_INFOPLIST_FILE = YES;
				INFOPLIST_KEY_UIApplicationSceneManifest_Generation = YES;
				INFOPLIST_KEY_UIApplicationSupportsIndirectInputEvents = YES;
				INFOPLIST_KEY_UILaunchScreen_Generation = YES;
				INFOPLIST_KEY_UIRequiresFullScreen = NO;
				INFOPLIST_KEY_UISupportedInterfaceOrientations = UIInterfaceOrientationPortrait;
				INFOPLIST_KEY_UISupportedInterfaceOrientations_iPad = "UIInterfaceOrientationLandscapeLeft UIInterfaceOrientationLandscapeRight UIInterfaceOrientationPortrait UIInterfaceOrientationPortraitUpsideDown";
				IPHONEOS_DEPLOYMENT_TARGET = 15;
				LD_RUNPATH_SEARCH_PATHS = (
					"$(inherited)",
					"@executable_path/Frameworks",
				);
				MARKETING_VERSION = 1.0;
				PRODUCT_BUNDLE_IDENTIFIER = "dev.johnreid.Vanilla-Dice";
				PRODUCT_NAME = "$(TARGET_NAME)";
				SWIFT_EMIT_LOC_STRINGS = YES;
				SWIFT_VERSION = 5.0;
				TARGETED_DEVICE_FAMILY = "1,2";
			};
			name = Debug;
		};
		52E8465529ED2936005A687F /* Release */ = {
			isa = XCBuildConfiguration;
			buildSettings = {
				ASSETCATALOG_COMPILER_APPICON_NAME = AppIcon;
				ASSETCATALOG_COMPILER_GLOBAL_ACCENT_COLOR_NAME = AccentColor;
				CODE_SIGN_STYLE = Automatic;
				CURRENT_PROJECT_VERSION = 1;
				DEVELOPMENT_ASSET_PATHS = "\"Vanilla Dice/Preview Content\"";
				DEVELOPMENT_TEAM = BMSA228Z4G;
				ENABLE_PREVIEWS = YES;
				GENERATE_INFOPLIST_FILE = YES;
				INFOPLIST_KEY_UIApplicationSceneManifest_Generation = YES;
				INFOPLIST_KEY_UIApplicationSupportsIndirectInputEvents = YES;
				INFOPLIST_KEY_UILaunchScreen_Generation = YES;
				INFOPLIST_KEY_UIRequiresFullScreen = NO;
				INFOPLIST_KEY_UISupportedInterfaceOrientations = UIInterfaceOrientationPortrait;
				INFOPLIST_KEY_UISupportedInterfaceOrientations_iPad = "UIInterfaceOrientationLandscapeLeft UIInterfaceOrientationLandscapeRight UIInterfaceOrientationPortrait UIInterfaceOrientationPortraitUpsideDown";
				IPHONEOS_DEPLOYMENT_TARGET = 15;
				LD_RUNPATH_SEARCH_PATHS = (
					"$(inherited)",
					"@executable_path/Frameworks",
				);
				MARKETING_VERSION = 1.0;
				PRODUCT_BUNDLE_IDENTIFIER = "dev.johnreid.Vanilla-Dice";
				PRODUCT_NAME = "$(TARGET_NAME)";
				SWIFT_EMIT_LOC_STRINGS = YES;
				SWIFT_VERSION = 5.0;
				TARGETED_DEVICE_FAMILY = "1,2";
			};
			name = Release;
		};
/* End XCBuildConfiguration section */

/* Begin XCConfigurationList section */
		52E8464029ED2935005A687F /* Build configuration list for PBXProject "Vanilla Dice" */ = {
			isa = XCConfigurationList;
			buildConfigurations = (
				52E8465129ED2936005A687F /* Debug */,
				52E8465229ED2936005A687F /* Release */,
			);
			defaultConfigurationIsVisible = 0;
			defaultConfigurationName = Release;
		};
		52E8465329ED2936005A687F /* Build configuration list for PBXNativeTarget "Vanilla Dice" */ = {
			isa = XCConfigurationList;
			buildConfigurations = (
				52E8465429ED2936005A687F /* Debug */,
				52E8465529ED2936005A687F /* Release */,
			);
			defaultConfigurationIsVisible = 0;
			defaultConfigurationName = Release;
		};
/* End XCConfigurationList section */
	};
	rootObject = 52E8463D29ED2935005A687F /* Project object */;
}
